
Microsoft Visual Studio Solution File, Format Version 12.00
# Visual Studio Version 17
VisualStudioVersion = 17.0.31903.59
MinimumVisualStudioVersion = 10.0.40219.1
Project("{FAE04EC0-301F-11D3-BF4B-00C04F79EFBC}") = "Pangolin.Server", "Pangolin.Server\Pangolin.Server.csproj", "{6E73D24E-A8FE-42E9-8E2D-F56FF684A98C}"
EndProject
Global
	GlobalSection(SolutionConfigurationPlatforms) = preSolution
		Debug|Any CPU = Debug|Any CPU
		Release|Any CPU = Release|Any CPU
	EndGlobalSection
	GlobalSection(SolutionProperties) = preSolution
		HideSolutionNode = FALSE
	EndGlobalSection
	GlobalSection(ProjectConfigurationPlatforms) = postSolution
		{6B354179-6114-40FC-A63A-EB14B349A91A}.Debug|Any CPU.ActiveCfg = Debug|Any CPU
		{6B354179-6114-40FC-A63A-EB14B349A91A}.Debug|Any CPU.Build.0 = Debug|Any CPU
		{6B354179-6114-40FC-A63A-EB14B349A91A}.Release|Any CPU.ActiveCfg = Release|Any CPU
		{6B354179-6114-40FC-A63A-EB14B349A91A}.Release|Any CPU.Build.0 = Release|Any CPU
		{6E73D24E-A8FE-42E9-8E2D-F56FF684A98C}.Debug|Any CPU.ActiveCfg = Debug|Any CPU
		{6E73D24E-A8FE-42E9-8E2D-F56FF684A98C}.Debug|Any CPU.Build.0 = Debug|Any CPU
		{6E73D24E-A8FE-42E9-8E2D-F56FF684A98C}.Release|Any CPU.ActiveCfg = Release|Any CPU
		{6E73D24E-A8FE-42E9-8E2D-F56FF684A98C}.Release|Any CPU.Build.0 = Release|Any CPU
	EndGlobalSection
EndGlobal
